// !$*UTF8*$!
{
	archiveVersion = 1;
	classes = {
	};
	objectVersion = 46;
	objects = {

/* Begin PBXBuildFile section */
		72B95FD8196E2AA700A5F53B /* Foundation.framework in Frameworks */ = {isa = PBXBuildFile; fileRef = 72B95FD7196E2AA700A5F53B /* Foundation.framework */; };
		72B95FDA196E2AA700A5F53B /* CoreGraphics.framework in Frameworks */ = {isa = PBXBuildFile; fileRef = 72B95FD9196E2AA700A5F53B /* CoreGraphics.framework */; };
		72B95FDC196E2AA700A5F53B /* UIKit.framework in Frameworks */ = {isa = PBXBuildFile; fileRef = 72B95FDB196E2AA700A5F53B /* UIKit.framework */; };
		72B95FE2196E2AA700A5F53B /* InfoPlist.strings in Resources */ = {isa = PBXBuildFile; fileRef = 72B95FE0196E2AA700A5F53B /* InfoPlist.strings */; };
		72B95FE4196E2AA700A5F53B /* main.m in Sources */ = {isa = PBXBuildFile; fileRef = 72B95FE3196E2AA700A5F53B /* main.m */; };
		72B95FE8196E2AA700A5F53B /* AppDelegate.m in Sources */ = {isa = PBXBuildFile; fileRef = 72B95FE7196E2AA700A5F53B /* AppDelegate.m */; };
		72B95FEB196E2AA700A5F53B /* Main.storyboard in Resources */ = {isa = PBXBuildFile; fileRef = 72B95FE9196E2AA700A5F53B /* Main.storyboard */; };
		72B95FEE196E2AA700A5F53B /* ViewController.m in Sources */ = {isa = PBXBuildFile; fileRef = 72B95FED196E2AA700A5F53B /* ViewController.m */; };
		72B95FF0196E2AA700A5F53B /* Images.xcassets in Resources */ = {isa = PBXBuildFile; fileRef = 72B95FEF196E2AA700A5F53B /* Images.xcassets */; };
		72B95FF7196E2AA800A5F53B /* XCTest.framework in Frameworks */ = {isa = PBXBuildFile; fileRef = 72B95FF6196E2AA800A5F53B /* XCTest.framework */; };
		72B95FF8196E2AA800A5F53B /* Foundation.framework in Frameworks */ = {isa = PBXBuildFile; fileRef = 72B95FD7196E2AA700A5F53B /* Foundation.framework */; };
		72B95FF9196E2AA800A5F53B /* UIKit.framework in Frameworks */ = {isa = PBXBuildFile; fileRef = 72B95FDB196E2AA700A5F53B /* UIKit.framework */; };
		72B96001196E2AA800A5F53B /* InfoPlist.strings in Resources */ = {isa = PBXBuildFile; fileRef = 72B95FFF196E2AA800A5F53B /* InfoPlist.strings */; };
		72B96003196E2AA800A5F53B /* HearMeNowTests.m in Sources */ = {isa = PBXBuildFile; fileRef = 72B96002196E2AA800A5F53B /* HearMeNowTests.m */; };
/* End PBXBuildFile section */

/* Begin PBXContainerItemProxy section */
		72B95FFA196E2AA800A5F53B /* PBXContainerItemProxy */ = {
			isa = PBXContainerItemProxy;
			containerPortal = 72B95FCC196E2AA700A5F53B /* Project object */;
			proxyType = 1;
			remoteGlobalIDString = 72B95FD3196E2AA700A5F53B;
			remoteInfo = HearMeNow;
		};
/* End PBXContainerItemProxy section */

/* Begin PBXFileReference section */
		72B95FD4196E2AA700A5F53B /* HearMeNow.app */ = {isa = PBXFileReference; explicitFileType = wrapper.application; includeInIndex = 0; path = HearMeNow.app; sourceTree = BUILT_PRODUCTS_DIR; };
		72B95FD7196E2AA700A5F53B /* Foundation.framework */ = {isa = PBXFileReference; lastKnownFileType = wrapper.framework; name = Foundation.framework; path = System/Library/Frameworks/Foundation.framework; sourceTree = SDKROOT; };
		72B95FD9196E2AA700A5F53B /* CoreGraphics.framework */ = {isa = PBXFileReference; lastKnownFileType = wrapper.framework; name = CoreGraphics.framework; path = System/Library/Frameworks/CoreGraphics.framework; sourceTree = SDKROOT; };
		72B95FDB196E2AA700A5F53B /* UIKit.framework */ = {isa = PBXFileReference; lastKnownFileType = wrapper.framework; name = UIKit.framework; path = System/Library/Frameworks/UIKit.framework; sourceTree = SDKROOT; };
		72B95FDF196E2AA700A5F53B /* HearMeNow-Info.plist */ = {isa = PBXFileReference; lastKnownFileType = text.plist.xml; path = "HearMeNow-Info.plist"; sourceTree = "<group>"; };
		72B95FE1196E2AA700A5F53B /* en */ = {isa = PBXFileReference; lastKnownFileType = text.plist.strings; name = en; path = en.lproj/InfoPlist.strings; sourceTree = "<group>"; };
		72B95FE3196E2AA700A5F53B /* main.m */ = {isa = PBXFileReference; lastKnownFileType = sourcecode.c.objc; path = main.m; sourceTree = "<group>"; };
		72B95FE5196E2AA700A5F53B /* HearMeNow-Prefix.pch */ = {isa = PBXFileReference; lastKnownFileType = sourcecode.c.h; path = "HearMeNow-Prefix.pch"; sourceTree = "<group>"; };
		72B95FE6196E2AA700A5F53B /* AppDelegate.h */ = {isa = PBXFileReference; lastKnownFileType = sourcecode.c.h; path = AppDelegate.h; sourceTree = "<group>"; };
		72B95FE7196E2AA700A5F53B /* AppDelegate.m */ = {isa = PBXFileReference; lastKnownFileType = sourcecode.c.objc; path = AppDelegate.m; sourceTree = "<group>"; };
		72B95FEA196E2AA700A5F53B /* Base */ = {isa = PBXFileReference; lastKnownFileType = file.storyboard; name = Base; path = Base.lproj/Main.storyboard; sourceTree = "<group>"; };
		72B95FEC196E2AA700A5F53B /* ViewController.h */ = {isa = PBXFileReference; lastKnownFileType = sourcecode.c.h; path = ViewController.h; sourceTree = "<group>"; };
		72B95FED196E2AA700A5F53B /* ViewController.m */ = {isa = PBXFileReference; lastKnownFileType = sourcecode.c.objc; path = ViewController.m; sourceTree = "<group>"; };
		72B95FEF196E2AA700A5F53B /* Images.xcassets */ = {isa = PBXFileReference; lastKnownFileType = folder.assetcatalog; path = Images.xcassets; sourceTree = "<group>"; };
		72B95FF5196E2AA800A5F53B /* HearMeNowTests.xctest */ = {isa = PBXFileReference; explicitFileType = wrapper.cfbundle; includeInIndex = 0; path = HearMeNowTests.xctest; sourceTree = BUILT_PRODUCTS_DIR; };
		72B95FF6196E2AA800A5F53B /* XCTest.framework */ = {isa = PBXFileReference; lastKnownFileType = wrapper.framework; name = XCTest.framework; path = Library/Frameworks/XCTest.framework; sourceTree = DEVELOPER_DIR; };
		72B95FFE196E2AA800A5F53B /* HearMeNowTests-Info.plist */ = {isa = PBXFileReference; lastKnownFileType = text.plist.xml; path = "HearMeNowTests-Info.plist"; sourceTree = "<group>"; };
		72B96000196E2AA800A5F53B /* en */ = {isa = PBXFileReference; lastKnownFileType = text.plist.strings; name = en; path = en.lproj/InfoPlist.strings; sourceTree = "<group>"; };
		72B96002196E2AA800A5F53B /* HearMeNowTests.m */ = {isa = PBXFileReference; lastKnownFileType = sourcecode.c.objc; path = HearMeNowTests.m; sourceTree = "<group>"; };
/* End PBXFileReference section */

/* Begin PBXFrameworksBuildPhase section */
		72B95FD1196E2AA700A5F53B /* Frameworks */ = {
			isa = PBXFrameworksBuildPhase;
			buildActionMask = 2147483647;
			files = (
				72B95FDA196E2AA700A5F53B /* CoreGraphics.framework in Frameworks */,
				72B95FDC196E2AA700A5F53B /* UIKit.framework in Frameworks */,
				72B95FD8196E2AA700A5F53B /* Foundation.framework in Frameworks */,
			);
			runOnlyForDeploymentPostprocessing = 0;
		};
		72B95FF2196E2AA800A5F53B /* Frameworks */ = {
			isa = PBXFrameworksBuildPhase;
			buildActionMask = 2147483647;
			files = (
				72B95FF7196E2AA800A5F53B /* XCTest.framework in Frameworks */,
				72B95FF9196E2AA800A5F53B /* UIKit.framework in Frameworks */,
				72B95FF8196E2AA800A5F53B /* Foundation.framework in Frameworks */,
			);
			runOnlyForDeploymentPostprocessing = 0;
		};
/* End PBXFrameworksBuildPhase section */

/* Begin PBXGroup section */
		72B95FCB196E2AA700A5F53B = {
			isa = PBXGroup;
			children = (
				72B95FDD196E2AA700A5F53B /* HearMeNow */,
				72B95FFC196E2AA800A5F53B /* HearMeNowTests */,
				72B95FD6196E2AA700A5F53B /* Frameworks */,
				72B95FD5196E2AA700A5F53B /* Products */,
			);
			sourceTree = "<group>";
		};
		72B95FD5196E2AA700A5F53B /* Products */ = {
			isa = PBXGroup;
			children = (
				72B95FD4196E2AA700A5F53B /* HearMeNow.app */,
				72B95FF5196E2AA800A5F53B /* HearMeNowTests.xctest */,
			);
			name = Products;
			sourceTree = "<group>";
		};
		72B95FD6196E2AA700A5F53B /* Frameworks */ = {
			isa = PBXGroup;
			children = (
				72B95FD7196E2AA700A5F53B /* Foundation.framework */,
				72B95FD9196E2AA700A5F53B /* CoreGraphics.framework */,
				72B95FDB196E2AA700A5F53B /* UIKit.framework */,
				72B95FF6196E2AA800A5F53B /* XCTest.framework */,
			);
			name = Frameworks;
			sourceTree = "<group>";
		};
		72B95FDD196E2AA700A5F53B /* HearMeNow */ = {
			isa = PBXGroup;
			children = (
				72B95FE6196E2AA700A5F53B /* AppDelegate.h */,
				72B95FE7196E2AA700A5F53B /* AppDelegate.m */,
				72B95FE9196E2AA700A5F53B /* Main.storyboard */,
				72B95FEC196E2AA700A5F53B /* ViewController.h */,
				72B95FED196E2AA700A5F53B /* ViewController.m */,
				72B95FEF196E2AA700A5F53B /* Images.xcassets */,
				72B95FDE196E2AA700A5F53B /* Supporting Files */,
			);
			path = HearMeNow;
			sourceTree = "<group>";
		};
		72B95FDE196E2AA700A5F53B /* Supporting Files */ = {
			isa = PBXGroup;
			children = (
				72B95FDF196E2AA700A5F53B /* HearMeNow-Info.plist */,
				72B95FE0196E2AA700A5F53B /* InfoPlist.strings */,
				72B95FE3196E2AA700A5F53B /* main.m */,
				72B95FE5196E2AA700A5F53B /* HearMeNow-Prefix.pch */,
			);
			name = "Supporting Files";
			sourceTree = "<group>";
		};
		72B95FFC196E2AA800A5F53B /* HearMeNowTests */ = {
			isa = PBXGroup;
			children = (
				72B96002196E2AA800A5F53B /* HearMeNowTests.m */,
				72B95FFD196E2AA800A5F53B /* Supporting Files */,
			);
			path = HearMeNowTests;
			sourceTree = "<group>";
		};
		72B95FFD196E2AA800A5F53B /* Supporting Files */ = {
			isa = PBXGroup;
			children = (
				72B95FFE196E2AA800A5F53B /* HearMeNowTests-Info.plist */,
				72B95FFF196E2AA800A5F53B /* InfoPlist.strings */,
			);
			name = "Supporting Files";
			sourceTree = "<group>";
		};
/* End PBXGroup section */

/* Begin PBXNativeTarget section */
		72B95FD3196E2AA700A5F53B /* HearMeNow */ = {
			isa = PBXNativeTarget;
			buildConfigurationList = 72B96006196E2AA800A5F53B /* Build configuration list for PBXNativeTarget "HearMeNow" */;
			buildPhases = (
				72B95FD0196E2AA700A5F53B /* Sources */,
				72B95FD1196E2AA700A5F53B /* Frameworks */,
				72B95FD2196E2AA700A5F53B /* Resources */,
			);
			buildRules = (
			);
			dependencies = (
			);
			name = HearMeNow;
			productName = HearMeNow;
			productReference = 72B95FD4196E2AA700A5F53B /* HearMeNow.app */;
			productType = "com.apple.product-type.application";
		};
		72B95FF4196E2AA800A5F53B /* HearMeNowTests */ = {
			isa = PBXNativeTarget;
			buildConfigurationList = 72B96009196E2AA800A5F53B /* Build configuration list for PBXNativeTarget "HearMeNowTests" */;
			buildPhases = (
				72B95FF1196E2AA800A5F53B /* Sources */,
				72B95FF2196E2AA800A5F53B /* Frameworks */,
				72B95FF3196E2AA800A5F53B /* Resources */,
			);
			buildRules = (
			);
			dependencies = (
				72B95FFB196E2AA800A5F53B /* PBXTargetDependency */,
			);
			name = HearMeNowTests;
			productName = HearMeNowTests;
			productReference = 72B95FF5196E2AA800A5F53B /* HearMeNowTests.xctest */;
			productType = "com.apple.product-type.bundle.unit-test";
		};
/* End PBXNativeTarget section */

/* Begin PBXProject section */
		72B95FCC196E2AA700A5F53B /* Project object */ = {
			isa = PBXProject;
			attributes = {
				LastUpgradeCheck = 0510;
				ORGANIZATIONNAME = "___FULLUSERNAME___";
				TargetAttributes = {
					72B95FF4196E2AA800A5F53B = {
						TestTargetID = 72B95FD3196E2AA700A5F53B;
					};
				};
			};
			buildConfigurationList = 72B95FCF196E2AA700A5F53B /* Build configuration list for PBXProject "HearMeNow" */;
			compatibilityVersion = "Xcode 3.2";
			developmentRegion = English;
			hasScannedForEncodings = 0;
			knownRegions = (
				en,
				Base,
			);
			mainGroup = 72B95FCB196E2AA700A5F53B;
			productRefGroup = 72B95FD5196E2AA700A5F53B /* Products */;
			projectDirPath = "";
			projectRoot = "";
			targets = (
				72B95FD3196E2AA700A5F53B /* HearMeNow */,
				72B95FF4196E2AA800A5F53B /* HearMeNowTests */,
			);
		};
/* End PBXProject section */

/* Begin PBXResourcesBuildPhase section */
		72B95FD2196E2AA700A5F53B /* Resources */ = {
			isa = PBXResourcesBuildPhase;
			buildActionMask = 2147483647;
			files = (
				72B95FF0196E2AA700A5F53B /* Images.xcassets in Resources */,
				72B95FE2196E2AA700A5F53B /* InfoPlist.strings in Resources */,
				72B95FEB196E2AA700A5F53B /* Main.storyboard in Resources */,
			);
			runOnlyForDeploymentPostprocessing = 0;
		};
		72B95FF3196E2AA800A5F53B /* Resources */ = {
			isa = PBXResourcesBuildPhase;
			buildActionMask = 2147483647;
			files = (
				72B96001196E2AA800A5F53B /* InfoPlist.strings in Resources */,
			);
			runOnlyForDeploymentPostprocessing = 0;
		};
/* End PBXResourcesBuildPhase section */

/* Begin PBXSourcesBuildPhase section */
		72B95FD0196E2AA700A5F53B /* Sources */ = {
			isa = PBXSourcesBuildPhase;
			buildActionMask = 2147483647;
			files = (
				72B95FEE196E2AA700A5F53B /* ViewController.m in Sources */,
				72B95FE8196E2AA700A5F53B /* AppDelegate.m in Sources */,
				72B95FE4196E2AA700A5F53B /* main.m in Sources */,
			);
			runOnlyForDeploymentPostprocessing = 0;
		};
		72B95FF1196E2AA800A5F53B /* Sources */ = {
			isa = PBXSourcesBuildPhase;
			buildActionMask = 2147483647;
			files = (
				72B96003196E2AA800A5F53B /* HearMeNowTests.m in Sources */,
			);
			runOnlyForDeploymentPostprocessing = 0;
		};
/* End PBXSourcesBuildPhase section */

/* Begin PBXTargetDependency section */
		72B95FFB196E2AA800A5F53B /* PBXTargetDependency */ = {
			isa = PBXTargetDependency;
			target = 72B95FD3196E2AA700A5F53B /* HearMeNow */;
			targetProxy = 72B95FFA196E2AA800A5F53B /* PBXContainerItemProxy */;
		};
/* End PBXTargetDependency section */

/* Begin PBXVariantGroup section */
		72B95FE0196E2AA700A5F53B /* InfoPlist.strings */ = {
			isa = PBXVariantGroup;
			children = (
				72B95FE1196E2AA700A5F53B /* en */,
			);
			name = InfoPlist.strings;
			sourceTree = "<group>";
		};
		72B95FE9196E2AA700A5F53B /* Main.storyboard */ = {
			isa = PBXVariantGroup;
			children = (
				72B95FEA196E2AA700A5F53B /* Base */,
			);
			name = Main.storyboard;
			sourceTree = "<group>";
		};
		72B95FFF196E2AA800A5F53B /* InfoPlist.strings */ = {
			isa = PBXVariantGroup;
			children = (
				72B96000196E2AA800A5F53B /* en */,
			);
			name = InfoPlist.strings;
			sourceTree = "<group>";
		};
/* End PBXVariantGroup section */

/* Begin XCBuildConfiguration section */
		72B96004196E2AA800A5F53B /* Debug */ = {
			isa = XCBuildConfiguration;
			buildSettings = {
				ALWAYS_SEARCH_USER_PATHS = NO;
				CLANG_CXX_LANGUAGE_STANDARD = "gnu++0x";
				CLANG_CXX_LIBRARY = "libc++";
				CLANG_ENABLE_MODULES = YES;
				CLANG_ENABLE_OBJC_ARC = YES;
				CLANG_WARN_BOOL_CONVERSION = YES;
				CLANG_WARN_CONSTANT_CONVERSION = YES;
				CLANG_WARN_DIRECT_OBJC_ISA_USAGE = YES_ERROR;
				CLANG_WARN_EMPTY_BODY = YES;
				CLANG_WARN_ENUM_CONVERSION = YES;
				CLANG_WARN_INT_CONVERSION = YES;
				CLANG_WARN_OBJC_ROOT_CLASS = YES_ERROR;
				CLANG_WARN__DUPLICATE_METHOD_MATCH = YES;
				"CODE_SIGN_IDENTITY[sdk=iphoneos*]" = "iPhone Developer";
				COPY_PHASE_STRIP = NO;
				GCC_C_LANGUAGE_STANDARD = gnu99;
				GCC_DYNAMIC_NO_PIC = NO;
				GCC_OPTIMIZATION_LEVEL = 0;
				GCC_PREPROCESSOR_DEFINITIONS = (
					"DEBUG=1",
					"$(inherited)",
				);
				GCC_SYMBOLS_PRIVATE_EXTERN = NO;
				GCC_WARN_64_TO_32_BIT_CONVERSION = YES;
				GCC_WARN_ABOUT_RETURN_TYPE = YES_ERROR;
				GCC_WARN_UNDECLARED_SELECTOR = YES;
				GCC_WARN_UNINITIALIZED_AUTOS = YES_AGGRESSIVE;
				GCC_WARN_UNUSED_FUNCTION = YES;
				GCC_WARN_UNUSED_VARIABLE = YES;
				IPHONEOS_DEPLOYMENT_TARGET = 7.1;
				ONLY_ACTIVE_ARCH = YES;
				SDKROOT = iphoneos;
			};
			name = Debug;
		};
		72B96005196E2AA800A5F53B /* Release */ = {
			isa = XCBuildConfiguration;
			buildSettings = {
				ALWAYS_SEARCH_USER_PATHS = NO;
				CLANG_CXX_LANGUAGE_STANDARD = "gnu++0x";
				CLANG_CXX_LIBRARY = "libc++";
				CLANG_ENABLE_MODULES = YES;
				CLANG_ENABLE_OBJC_ARC = YES;
				CLANG_WARN_BOOL_CONVERSION = YES;
				CLANG_WARN_CONSTANT_CONVERSION = YES;
				CLANG_WARN_DIRECT_OBJC_ISA_USAGE = YES_ERROR;
				CLANG_WARN_EMPTY_BODY = YES;
				CLANG_WARN_ENUM_CONVERSION = YES;
				CLANG_WARN_INT_CONVERSION = YES;
				CLANG_WARN_OBJC_ROOT_CLASS = YES_ERROR;
				CLANG_WARN__DUPLICATE_METHOD_MATCH = YES;
				"CODE_SIGN_IDENTITY[sdk=iphoneos*]" = "iPhone Developer";
				COPY_PHASE_STRIP = YES;
				ENABLE_NS_ASSERTIONS = NO;
				GCC_C_LANGUAGE_STANDARD = gnu99;
				GCC_WARN_64_TO_32_BIT_CONVERSION = YES;
				GCC_WARN_ABOUT_RETURN_TYPE = YES_ERROR;
				GCC_WARN_UNDECLARED_SELECTOR = YES;
				GCC_WARN_UNINITIALIZED_AUTOS = YES_AGGRESSIVE;
				GCC_WARN_UNUSED_FUNCTION = YES;
				GCC_WARN_UNUSED_VARIABLE = YES;
				IPHONEOS_DEPLOYMENT_TARGET = 7.1;
				SDKROOT = iphoneos;
				VALIDATE_PRODUCT = YES;
			};
			name = Release;
		};
		72B96007196E2AA800A5F53B /* Debug */ = {
			isa = XCBuildConfiguration;
			buildSettings = {
				ASSETCATALOG_COMPILER_APPICON_NAME = AppIcon;
				ASSETCATALOG_COMPILER_LAUNCHIMAGE_NAME = LaunchImage;
				GCC_PRECOMPILE_PREFIX_HEADER = YES;
				GCC_PREFIX_HEADER = "HearMeNow/HearMeNow-Prefix.pch";
				INFOPLIST_FILE = "HearMeNow/HearMeNow-Info.plist";
				PRODUCT_NAME = "$(TARGET_NAME)";
				WRAPPER_EXTENSION = app;
			};
			name = Debug;
		};
		72B96008196E2AA800A5F53B /* Release */ = {
			isa = XCBuildConfiguration;
			buildSettings = {
				ASSETCATALOG_COMPILER_APPICON_NAME = AppIcon;
				ASSETCATALOG_COMPILER_LAUNCHIMAGE_NAME = LaunchImage;
				GCC_PRECOMPILE_PREFIX_HEADER = YES;
				GCC_PREFIX_HEADER = "HearMeNow/HearMeNow-Prefix.pch";
				INFOPLIST_FILE = "HearMeNow/HearMeNow-Info.plist";
				PRODUCT_NAME = "$(TARGET_NAME)";
				WRAPPER_EXTENSION = app;
			};
			name = Release;
		};
		72B9600A196E2AA800A5F53B /* Debug */ = {
			isa = XCBuildConfiguration;
			buildSettings = {
				BUNDLE_LOADER = "$(BUILT_PRODUCTS_DIR)/HearMeNow.app/HearMeNow";
				FRAMEWORK_SEARCH_PATHS = (
					"$(SDKROOT)/Developer/Library/Frameworks",
					"$(inherited)",
					"$(DEVELOPER_FRAMEWORKS_DIR)",
				);
				GCC_PRECOMPILE_PREFIX_HEADER = YES;
				GCC_PREFIX_HEADER = "HearMeNow/HearMeNow-Prefix.pch";
				GCC_PREPROCESSOR_DEFINITIONS = (
					"DEBUG=1",
					"$(inherited)",
				);
				INFOPLIST_FILE = "HearMeNowTests/HearMeNowTests-Info.plist";
				PRODUCT_NAME = "$(TARGET_NAME)";
				TEST_HOST = "$(BUNDLE_LOADER)";
				WRAPPER_EXTENSION = xctest;
			};
			name = Debug;
		};
		72B9600B196E2AA800A5F53B /* Release */ = {
			isa = XCBuildConfiguration;
			buildSettings = {
				BUNDLE_LOADER = "$(BUILT_PRODUCTS_DIR)/HearMeNow.app/HearMeNow";
				FRAMEWORK_SEARCH_PATHS = (
					"$(SDKROOT)/Developer/Library/Frameworks",
					"$(inherited)",
					"$(DEVELOPER_FRAMEWORKS_DIR)",
				);
				GCC_PRECOMPILE_PREFIX_HEADER = YES;
				GCC_PREFIX_HEADER = "HearMeNow/HearMeNow-Prefix.pch";
				INFOPLIST_FILE = "HearMeNowTests/HearMeNowTests-Info.plist";
				PRODUCT_NAME = "$(TARGET_NAME)";
				TEST_HOST = "$(BUNDLE_LOADER)";
				WRAPPER_EXTENSION = xctest;
			};
			name = Release;
		};
/* End XCBuildConfiguration section */

/* Begin XCConfigurationList section */
		72B95FCF196E2AA700A5F53B /* Build configuration list for PBXProject "HearMeNow" */ = {
			isa = XCConfigurationList;
			buildConfigurations = (
				72B96004196E2AA800A5F53B /* Debug */,
				72B96005196E2AA800A5F53B /* Release */,
			);
			defaultConfigurationIsVisible = 0;
			defaultConfigurationName = Release;
		};
		72B96006196E2AA800A5F53B /* Build configuration list for PBXNativeTarget "HearMeNow" */ = {
			isa = XCConfigurationList;
			buildConfigurations = (
				72B96007196E2AA800A5F53B /* Debug */,
				72B96008196E2AA800A5F53B /* Release */,
			);
			defaultConfigurationIsVisible = 0;
		};
		72B96009196E2AA800A5F53B /* Build configuration list for PBXNativeTarget "HearMeNowTests" */ = {
			isa = XCConfigurationList;
			buildConfigurations = (
				72B9600A196E2AA800A5F53B /* Debug */,
				72B9600B196E2AA800A5F53B /* Release */,
			);
			defaultConfigurationIsVisible = 0;
		};
/* End XCConfigurationList section */
	};
	rootObject = 72B95FCC196E2AA700A5F53B /* Project object */;
}
